
Microsoft Visual Studio Solution File, Format Version 12.00
# Visual Studio 15
VisualStudioVersion = 15.0.27130.2027
MinimumVisualStudioVersion = 10.0.40219.1
Project("{FAE04EC0-301F-11D3-BF4B-00C04F79EFBC}") = "EjemploRazorPages", "EjemploRazorPages\EjemploRazorPages.csproj", "{3094E677-EF23-469C-9C0E-866564550F0C}"
EndProject
Global
	GlobalSection(SolutionConfigurationPlatforms) = preSolution
		Debug|Any CPU = Debug|Any CPU
		Release|Any CPU = Release|Any CPU
	EndGlobalSection
	GlobalSection(ProjectConfigurationPlatforms) = postSolution
		{3094E677-EF23-469C-9C0E-866564550F0C}.Debug|Any CPU.ActiveCfg = Debug|Any CPU
		{3094E677-EF23-469C-9C0E-866564550F0C}.Debug|Any CPU.Build.0 = Debug|Any CPU
		{3094E677-EF23-469C-9C0E-866564550F0C}.Release|Any CPU.ActiveCfg = Release|Any CPU
		{3094E677-EF23-469C-9C0E-866564550F0C}.Release|Any CPU.Build.0 = Release|Any CPU
	EndGlobalSection
	GlobalSection(SolutionProperties) = preSolution
		HideSolutionNode = FALSE
	EndGlobalSection
	GlobalSection(ExtensibilityGlobals) = postSolution
		SolutionGuid = {F7AD981B-305D-44B3-98A1-039D60F98661}
	EndGlobalSection
EndGlobal
